
Microsoft Visual Studio Solution File, Format Version 12.00
# Visual Studio 15
VisualStudioVersion = 15.0.28307.757
MinimumVisualStudioVersion = 10.0.40219.1
Project("{FAE04EC0-301F-11D3-BF4B-00C04F79EFBC}") = "NetCoreTesting", "NetCoreTesting\NetCoreTesting.csproj", "{0F75262A-C96B-4383-AAA5-A421CC0CD495}"
EndProject
Global
	GlobalSection(SolutionConfigurationPlatforms) = preSolution
		Debug|Any CPU = Debug|Any CPU
		Release|Any CPU = Release|Any CPU
	EndGlobalSection
	GlobalSection(ProjectConfigurationPlatforms) = postSolution
		{0F75262A-C96B-4383-AAA5-A421CC0CD495}.Debug|Any CPU.ActiveCfg = Debug|Any CPU
		{0F75262A-C96B-4383-AAA5-A421CC0CD495}.Debug|Any CPU.Build.0 = Debug|Any CPU
		{0F75262A-C96B-4383-AAA5-A421CC0CD495}.Release|Any CPU.ActiveCfg = Release|Any CPU
		{0F75262A-C96B-4383-AAA5-A421CC0CD495}.Release|Any CPU.Build.0 = Release|Any CPU
	EndGlobalSection
	GlobalSection(SolutionProperties) = preSolution
		HideSolutionNode = FALSE
	EndGlobalSection
	GlobalSection(ExtensibilityGlobals) = postSolution
		SolutionGuid = {21C6FE52-C69D-4BF4-98AD-88C79F59261D}
	EndGlobalSection
EndGlobal
